version = 1
revision = 3
requires-python = ">=3.14"
resolution-markers = [
    "sys_platform == 'win32'",
    "sys_platform == 'emscripten'",
    "sys_platform != 'emscripten' and sys_platform != 'win32'",
]

[[package]]
name = "myapp"
version = "0.1.0"
source = { editable = "." }
dependencies = [
    { name = "pandas" },
]

[package.metadata]
requires-dist = [{ name = "pandas", specifier = ">=3.0.4" }]

[[package]]
name = "numpy"
version = "2.5.0"
source = { registry = "https://pypi.org/simple" }
sdist = { url = "https://files.pythonhosted.org/packages/e7/05/3d27272d30698dc0ecb7fdfaa41ad70303b444f81722bb99bce1d818638a/numpy-2.5.0.tar.gz", hash = "sha256:5a129578019311b6e56bdd714250f19b518f7dceeeb8d1af5490f4942d3f891c", size = 20652461, upload-time = "2026-06-21T20:57:51.95Z" }
wheels = [
    { url = "https://files.pythonhosted.org/packages/86/ad/abc44aaceaf7b17ee1edde2bbb4458da591bc79574cffff50c4bb35f00d1/numpy-2.5.0-cp314-cp314-macosx_10_15_x86_64.whl", hash = "sha256:f27582c55ba4c750b7c58c8faf021d2cd9324a662b466229db8a417b41368af9", size = 16783807, upload-time = "2026-06-21T20:57:06.253Z" },
    { url = "https://files.pythonhosted.org/packages/5d/39/b72e168daf9c00fb20c9fc996d00437ccecdef3102387775d29d7a62576d/numpy-2.5.0-cp314-cp314-macosx_11_0_arm64.whl", hash = "sha256:28e7137057d551e4a83c4ae414e3451f50568409db7569aacc7f9811ee06a446", size = 11765215, upload-time = "2026-06-21T20:57:08.547Z" },
    { url = "https://files.pythonhosted.org/packages/f7/a0/8400a9c0e3625182347593f5e1f57da9a617a534794805c8df5518154ddc/numpy-2.5.0-cp314-cp314-macosx_14_0_arm64.whl", hash = "sha256:e1da54b53e75cd9fcfc23efcc7edab2c6aecf97b6037566d8a0fe804af8ec57c", size = 5324493, upload-time = "2026-06-21T20:57:11.012Z" },
    { url = "https://files.pythonhosted.org/packages/f6/8c/0d104deaa0401c93395a629ec902891618a2eff76d19229139cb5a887bfc/numpy-2.5.0-cp314-cp314-macosx_14_0_x86_64.whl", hash = "sha256:694d8f74e156f7fd01179f1aa8faa2f648ab6ae0f70b6c3fe57a03249aea2303", size = 6645211, upload-time = "2026-06-21T20:57:12.919Z" },
    { url = "https://files.pythonhosted.org/packages/6a/d9/4a4a628c812750363786afc3d33492709a5cd64b215469c16b0f6c7bb811/numpy-2.5.0-cp314-cp314-manylinux_2_27_aarch64.manylinux_2_28_aarch64.whl", hash = "sha256:1a7569a7b53c77716f036bb28cb1c91f166a26ec7d9502cd1e4bdfe502fdec22", size = 15166004, upload-time = "2026-06-21T20:57:14.717Z" },
    { url = "https://files.pythonhosted.org/packages/a0/5e/2a902317d7fc4aa93236e80c932662dadfc459b323d758329e01775125e1/numpy-2.5.0-cp314-cp314-manylinux_2_27_x86_64.manylinux_2_28_x86_64.whl", hash = "sha256:39a0433bd4086ebd462960cf375e19195bb07b53dc1d87dd5fcf47ad78576f03", size = 16650797, upload-time = "2026-06-21T20:57:16.906Z" },
    { url = "https://files.pythonhosted.org/packages/e9/a0/a0090e6329f4ca5992c07847bb579c5259a19953dc57255bb08793142ffb/numpy-2.5.0-cp314-cp314-musllinux_1_2_aarch64.whl", hash = "sha256:929f0c79ac38bcbd7154fe631dc907abfeddbcc5027a896bd1f7767323271e7a", size = 16524647, upload-time = "2026-06-21T20:57:19.165Z" },
    { url = "https://files.pythonhosted.org/packages/5e/7d/6caf27734c42b65837e7461ed0dbbd6b6fc835060c9714ec59d673bb383a/numpy-2.5.0-cp314-cp314-musllinux_1_2_x86_64.whl", hash = "sha256:cc4f247a47bbf070bfd70be53ccdcf47b800af563535e7bbe172322197c30e21", size = 18411841, upload-time = "2026-06-21T20:57:21.638Z" },
    { url = "https://files.pythonhosted.org/packages/13/dc/26edadbd812536769a82c2e9e002234e33feb5da43061d47a044f6d309b7/numpy-2.5.0-cp314-cp314-win32.whl", hash = "sha256:5dc71423499fab3f46f7a7201155ade1669ea101f2f429d332df9e72f8161731", size = 6106361, upload-time = "2026-06-21T20:57:23.844Z" },
    { url = "https://files.pythonhosted.org/packages/f2/9e/4dd1459282229a72d92dece2ae9138e5cac94a72263a7ceb48f37434c925/numpy-2.5.0-cp314-cp314-win_amd64.whl", hash = "sha256:ebb81d9d5443e0309d6c54894c3fbed74ad7da0714352a67b6d773cd189eae73", size = 12551749, upload-time = "2026-06-21T20:57:25.945Z" },
    { url = "https://files.pythonhosted.org/packages/05/a7/6bc6384c080b86c7f6c85c5bc5b540b24f4f679cd144791d99574e90d462/numpy-2.5.0-cp314-cp314-win_arm64.whl", hash = "sha256:3b94d0d0deceebfad3e67ae5c0e5eb87371e8f7a0581cd04a779928c2450cf1e", size = 10617072, upload-time = "2026-06-21T20:57:28.175Z" },
    { url = "https://files.pythonhosted.org/packages/86/6b/4a2b71d66ada5608ae02b63f150dfad520f6940721cb7f029ad270befc0e/numpy-2.5.0-cp314-cp314t-macosx_11_0_arm64.whl", hash = "sha256:22f3d43e362d650bc39db1f17851302874a148ca95ba6981c1dfb5fa6862f35b", size = 11881067, upload-time = "2026-06-21T20:57:30.104Z" },
    { url = "https://files.pythonhosted.org/packages/dc/b2/d365eb40a20efb49d67e9feb90494ed8511282ee1f5fa16006675c65397d/numpy-2.5.0-cp314-cp314t-macosx_14_0_arm64.whl", hash = "sha256:243563efb4cd7528a264567e9fd206c87826457322521d06206a00bfa316c927", size = 5440290, upload-time = "2026-06-21T20:57:32.193Z" },
    { url = "https://files.pythonhosted.org/packages/fa/5e/e9c03188de5f9b767e46a8fe988bcfd3efad066a4a3fda8b9cb11a93f895/numpy-2.5.0-cp314-cp314t-macosx_14_0_x86_64.whl", hash = "sha256:84881d825ca75249b189bbee875fcfe3238aa5c479e6100893cda566e8e86826", size = 6748371, upload-time = "2026-06-21T20:57:33.933Z" },
    { url = "https://files.pythonhosted.org/packages/fd/1d/68c186a38a5027bae2c4ddd5ea681fdaf8b4d30fb7301def6d8ad270390f/numpy-2.5.0-cp314-cp314t-manylinux_2_27_aarch64.manylinux_2_28_aarch64.whl", hash = "sha256:cda12aa4779d42b8771180aba759c96f527d43446d8f380ab59e2b35e8489efd", size = 15214643, upload-time = "2026-06-21T20:57:35.677Z" },
    { url = "https://files.pythonhosted.org/packages/8c/67/73f67b7c7e20635baae9c4c3ead4ae7326a005900297a6110971abd62eb5/numpy-2.5.0-cp314-cp314t-manylinux_2_27_x86_64.manylinux_2_28_x86_64.whl", hash = "sha256:1c0121101093d2bd74981b10f8837d78e794a8ff57834eb27179f49e1ba11ac6", size = 16690128, upload-time = "2026-06-21T20:57:38.159Z" },
    { url = "https://files.pythonhosted.org/packages/eb/05/d4c1fb0c46d02a27d6b2b8b319a78c90937acec8631c1641874670b31e6f/numpy-2.5.0-cp314-cp314t-musllinux_1_2_aarch64.whl", hash = "sha256:d371c92cfa09da00022f501ab67fafaea813d752eb30ac44336d45b1e5b0268a", size = 16577902, upload-time = "2026-06-21T20:57:40.447Z" },
    { url = "https://files.pythonhosted.org/packages/9e/1d/771c797d50fa26e4888989cccf1d50ee51f530d4e455ad2692dcb64fa711/numpy-2.5.0-cp314-cp314t-musllinux_1_2_x86_64.whl", hash = "sha256:9990713e9c38154c6861e7547f1e3fc7a87e75ff09bab24ef1cc81d81c2835e9", size = 18452814, upload-time = "2026-06-21T20:57:42.875Z" },
    { url = "https://files.pythonhosted.org/packages/e8/46/52fc0d2a68d7643f0f149eeea5a5d8ea2a3507056ac8afa83c9212606e8b/numpy-2.5.0-cp314-cp314t-win32.whl", hash = "sha256:edadfbd4794b1086c0d822f81863e8a68fc129d132fd0bb9e31e955d7fbbbdb7", size = 6253168, upload-time = "2026-06-21T20:57:45.101Z" },
    { url = "https://files.pythonhosted.org/packages/2a/be/6c8d1118b5f13b2881dc095d5b345de19c6638b8959c17409b6eff84c8aa/numpy-2.5.0-cp314-cp314t-win_amd64.whl", hash = "sha256:f7e5fa4382967ae6548bd2f174219afb908e294b0d5f625af01166edd5f7d9aa", size = 12736286, upload-time = "2026-06-21T20:57:46.935Z" },
    { url = "https://files.pythonhosted.org/packages/fd/6a/d3a169aaf8536cf228d56a09e04bcb713a2fe4410d4e2105b9419b5a9c89/numpy-2.5.0-cp314-cp314t-win_arm64.whl", hash = "sha256:016623417bb330d719d579daf2d6b9a01ddc52e41a9ed61a47f39fde46dcd865", size = 10686451, upload-time = "2026-06-21T20:57:49.313Z" },
]

[[package]]
name = "pandas"
version = "3.0.4"
source = { registry = "https://pypi.org/simple" }
dependencies = [
    { name = "numpy" },
    { name = "python-dateutil" },
    { name = "tzdata", marker = "sys_platform == 'emscripten' or sys_platform == 'win32'" },
]
sdist = { url = "https://files.pythonhosted.org/packages/5a/fd/e0194474c71dbfba82e744f66945c274f15b667acd5f8c117b12555fb91e/pandas-3.0.4.tar.gz", hash = "sha256:62f6062586d159663825f06e70ef49cd1572d45824cb63a9559f3ffd1d0d2a20", size = 4658146, upload-time = "2026-06-28T15:31:51.3Z" }
wheels = [
    { url = "https://files.pythonhosted.org/packages/da/9d/b70e2d6fd65f497a03922d0a0019a2b9ec7a40374fbd2f2cb6a697109806/pandas-3.0.4-cp314-cp314-macosx_10_15_x86_64.whl", hash = "sha256:45751e5d456788ca891167c6456fb5e373ad72aa82a949c9635b63e215940181", size = 10515604, upload-time = "2026-06-28T15:31:02.329Z" },
    { url = "https://files.pythonhosted.org/packages/ae/fc/a514a959eeb0a8ad0294747df5ff1c95bf364aa2f2c533d6c2a8c0720bf4/pandas-3.0.4-cp314-cp314-macosx_11_0_arm64.whl", hash = "sha256:5c912d80243e4563934f34acc41cfad1a08d7af1b40597492cc6b5e6ba311404", size = 10169825, upload-time = "2026-06-28T15:31:05.34Z" },
    { url = "https://files.pythonhosted.org/packages/72/f8/11da3c5c7a39ab436bda99a1bf2ff5ab3b6addb91155b3fc5d068e733940/pandas-3.0.4-cp314-cp314-manylinux_2_24_aarch64.manylinux_2_28_aarch64.whl", hash = "sha256:ccdf354cddecbf0d763ab5a21d0d698440154c5ed6f2c43643c5f528e5c184a7", size = 10384438, upload-time = "2026-06-28T15:31:07.949Z" },
    { url = "https://files.pythonhosted.org/packages/3e/64/01d6352e2f108045e628680f1dd0a11276489beeae580c2c9d8a74df390b/pandas-3.0.4-cp314-cp314-manylinux_2_24_x86_64.manylinux_2_28_x86_64.whl", hash = "sha256:cadb8f48ada5de3feaa735577af15f0874cd5498d6875cf17989d97d4bc2e926", size = 10795673, upload-time = "2026-06-28T15:31:11.331Z" },
    { url = "https://files.pythonhosted.org/packages/47/1f/c4319dc17cc88b7a90780ecaad15a484ab8ddee32466093a7ff6fcf8fdb1/pandas-3.0.4-cp314-cp314-musllinux_1_2_aarch64.whl", hash = "sha256:bf867a8fe99499762626adbda73759b0378add0d13a58044ee668ba2d5df92f9", size = 11394840, upload-time = "2026-06-28T15:31:14.223Z" },
    { url = "https://files.pythonhosted.org/packages/ab/c4/5660f3f5bebfee4bcdee8c13212806f326ba9d1dbdf7f408c7766f279faa/pandas-3.0.4-cp314-cp314-musllinux_1_2_x86_64.whl", hash = "sha256:58a0b88e5f6c46974ba110c2cef6b8714aaea57f9f26d55ab5361de662b28165", size = 11877357, upload-time = "2026-06-28T15:31:17.205Z" },
    { url = "https://files.pythonhosted.org/packages/c4/92/a16e08eebab6183817757adf6783f644e2061fa14e5905ced79d362cbf36/pandas-3.0.4-cp314-cp314-win_amd64.whl", hash = "sha256:2a32675e6e7641effa300e58040609107f6e976bb0783b0264556358df64db58", size = 9806280, upload-time = "2026-06-28T15:31:20.496Z" },
    { url = "https://files.pythonhosted.org/packages/6a/ef/7d0810b2ba48fd3b015f82e5f907b2b757f40727d86481a2bea22123e454/pandas-3.0.4-cp314-cp314-win_arm64.whl", hash = "sha256:337be3b93ca7e0db3ec25edc769ebb74a8702427edeb345ee6ebe3e3080c6350", size = 9125456, upload-time = "2026-06-28T15:31:23.426Z" },
    { url = "https://files.pythonhosted.org/packages/78/e6/32800039b35eaa4eeb2da0182dd13d2cc205ce21e13e860c0e855f9f64e8/pandas-3.0.4-cp314-cp314t-macosx_10_15_x86_64.whl", hash = "sha256:ca9c1332eb5b69027fa1a73125e5b35fae26aea8c64a716a1924261070b0b859", size = 10938203, upload-time = "2026-06-28T15:31:26.903Z" },
    { url = "https://files.pythonhosted.org/packages/67/16/eff8bc63f22c8e881d31fe25a09542eea3bf8142ccf595974fc76f28a373/pandas-3.0.4-cp314-cp314t-macosx_11_0_arm64.whl", hash = "sha256:a1ae9e815bb61e0a85227aec3db22ba5502a4192df4918c115a772960e6ba606", size = 10586746, upload-time = "2026-06-28T15:31:29.836Z" },
    { url = "https://files.pythonhosted.org/packages/0b/03/6b413ed392ce8d7e90af963123bc62ccb6dd8d889ecf8951b7d1c1dddd86/pandas-3.0.4-cp314-cp314t-manylinux_2_24_aarch64.manylinux_2_28_aarch64.whl", hash = "sha256:6f482730bc2ec12b53c6205190deb195275495b4871bc1a2036beb91a7c97aee", size = 10240823, upload-time = "2026-06-28T15:31:32.879Z" },
    { url = "https://files.pythonhosted.org/packages/67/26/7992ed1748beb166a68d667e6651a03309f7e08a88a0520a7a381e06e21e/pandas-3.0.4-cp314-cp314t-manylinux_2_24_x86_64.manylinux_2_28_x86_64.whl", hash = "sha256:5065f02eb94b947ff2610bba2b0c1a74fd67ca10fde0686b12adfc36e61d11d3", size = 10658793, upload-time = "2026-06-28T15:31:36.404Z" },
    { url = "https://files.pythonhosted.org/packages/5d/16/c92b5ea088632476b831200c54de4740531a6777c8f650ab3c3cec5e7bf5/pandas-3.0.4-cp314-cp314t-musllinux_1_2_aarch64.whl", hash = "sha256:9b1a5e49e5fa13d002e1b237af4ab57f91f535cc6f6ca9225a366b2ce6241d99", size = 11274714, upload-time = "2026-06-28T15:31:39.871Z" },
    { url = "https://files.pythonhosted.org/packages/9c/0c/149cfc617640575a28c878f2d26f20899f4ef206b08a7338a83eb592f297/pandas-3.0.4-cp314-cp314t-musllinux_1_2_x86_64.whl", hash = "sha256:f660473c1e7a7ea7155214f89047b83ac0db6ebe7fab4d5a463f881307162d8c", size = 11729898, upload-time = "2026-06-28T15:31:42.95Z" },
    { url = "https://files.pythonhosted.org/packages/fb/4a/5f1e5b5784ecd4eab4ad52b2025f3e828c289d49c063eac64b400619bb07/pandas-3.0.4-cp314-cp314t-win_amd64.whl", hash = "sha256:453c9e65d0ea8f1ff00d0d5dd2a2612df9ead3ac1baaf55b81e18a01a7a56846", size = 10201594, upload-time = "2026-06-28T15:31:45.917Z" },
    { url = "https://files.pythonhosted.org/packages/05/f3/40a59a8e1abf01b13be5102ece560dc30bb7e85ed06b3e78442c445cb028/pandas-3.0.4-cp314-cp314t-win_arm64.whl", hash = "sha256:02a8c70e5a304947a802551b8ddb38fe83d9c528395a361609fddcccb7cf8003", size = 9387615, upload-time = "2026-06-28T15:31:48.694Z" },
]

[[package]]
name = "python-dateutil"
version = "2.9.0.post0"
source = { registry = "https://pypi.org/simple" }
dependencies = [
    { name = "six" },
]
sdist = { url = "https://files.pythonhosted.org/packages/66/c0/0c8b6ad9f17a802ee498c46e004a0eb49bc148f2fd230864601a86dcf6db/python-dateutil-2.9.0.post0.tar.gz", hash = "sha256:37dd54208da7e1cd875388217d5e00ebd4179249f90fb72437e91a35459a0ad3", size = 342432, upload-time = "2024-03-01T18:36:20.211Z" }
wheels = [
    { url = "https://files.pythonhosted.org/packages/ec/57/56b9bcc3c9c6a792fcbaf139543cee77261f3651ca9da0c93f5c1221264b/python_dateutil-2.9.0.post0-py2.py3-none-any.whl", hash = "sha256:a8b2bc7bffae282281c8140a97d3aa9c14da0b136dfe83f850eea9a5f7470427", size = 229892, upload-time = "2024-03-01T18:36:18.57Z" },
]

[[package]]
name = "six"
version = "1.17.0"
source = { registry = "https://pypi.org/simple" }
sdist = { url = "https://files.pythonhosted.org/packages/94/e7/b2c673351809dca68a0e064b6af791aa332cf192da575fd474ed7d6f16a2/six-1.17.0.tar.gz", hash = "sha256:ff70335d468e7eb6ec65b95b99d3a2836546063f63acc5171de367e834932a81", size = 34031, upload-time = "2024-12-04T17:35:28.174Z" }
wheels = [
    { url = "https://files.pythonhosted.org/packages/b7/ce/149a00dd41f10bc29e5921b496af8b574d8413afcd5e30dfa0ed46c2cc5e/six-1.17.0-py2.py3-none-any.whl", hash = "sha256:4721f391ed90541fddacab5acf947aa0d3dc7d27b2e1e8eda2be8970586c3274", size = 11050, upload-time = "2024-12-04T17:35:26.475Z" },
]

[[package]]
name = "tzdata"
version = "2026.2"
source = { registry = "https://pypi.org/simple" }
sdist = { url = "https://files.pythonhosted.org/packages/ba/19/1b9b0e29f30c6d35cb345486df41110984ea67ae69dddbc0e8a100999493/tzdata-2026.2.tar.gz", hash = "sha256:9173fde7d80d9018e02a662e168e5a2d04f87c41ea174b139fbef642eda62d10", size = 198254, upload-time = "2026-04-24T15:22:08.651Z" }
wheels = [
    { url = "https://files.pythonhosted.org/packages/ce/e4/dccd7f47c4b64213ac01ef921a1337ee6e30e8c6466046018326977efd95/tzdata-2026.2-py2.py3-none-any.whl", hash = "sha256:bbe9af844f658da81a5f95019480da3a89415801f6cc966806612cc7169bffe7", size = 349321, upload-time = "2026-04-24T15:22:05.876Z" },
]
